PODS:
  - Charts (3.6.0):
    - Charts/Core (= 3.6.0)
  - Charts/Core (3.6.0)
  - SwiftLint (0.38.2)

DEPENDENCIES:
  - Charts
  - SwiftLint (~> 0.38.0)

SPEC REPOS:
  trunk:
    - Charts
    - SwiftLint

SPEC CHECKSUMS:
  Charts: b1e3a1f5a1c9ba5394438ca3b91bd8c9076310af
  SwiftLint: 8f5d2f903e1c9bcbc832fd16771e80a263ac6cbb

PODFILE CHECKSUM: dcd10daea7ea57619c8841202344272a231d244f

COCOAPODS: 1.11.3
